PODS:
  - boost-for-react-native (1.63.0)
  - DoubleConversion (1.1.6)
  - EXAppleAuthentication (4.1.0):
    - ExpoModulesCore
  - EXApplication (4.0.2):
    - ExpoModulesCore
  - EXBlur (11.0.0):
    - ExpoModulesCore
  - EXClipboard (2.1.1):
    - ExpoModulesCore
  - EXConstants (13.0.2):
    - ExpoModulesCore
  - EXCrypto (10.1.2):
    - ExpoModulesCore
  - EXDevice (4.1.1):
    - ExpoModulesCore
  - EXErrorRecovery (3.0.5):
    - ExpoModulesCore
  - EXFacebook (12.1.1):
    - ExpoModulesCore
    - FacebookSDK/CoreKit (= 9.2.0)
    - FacebookSDK/LoginKit (= 9.2.0)
  - EXFileSystem (13.1.4):
    - ExpoModulesCore
  - EXFont (10.0.5):
    - ExpoModulesCore
  - EXImageLoader (3.1.1):
    - ExpoModulesCore
    - React-Core
  - EXImageManipulator (10.2.1):
    - EXImageLoader
    - ExpoModulesCore
  - EXImagePicker (12.0.2):
    - ExpoModulesCore
  - EXJSONUtils (0.2.1)
  - EXKeepAwake (10.0.2):
    - ExpoModulesCore
  - EXLocation (14.0.2):
    - ExpoModulesCore
    - UMTaskManagerInterface
  - EXManifests (0.2.4):
    - EXJSONUtils
  - EXMediaLibrary (14.0.1):
    - ExpoModulesCore
    - React-Core
  - EXNotifications (0.14.1):
    - ExpoModulesCore
  - Expo (44.0.6):
    - ExpoModulesCore
  - expo-dev-client (0.8.6):
    - EXManifests
    - expo-dev-launcher
    - expo-dev-menu
    - expo-dev-menu-interface
    - EXUpdatesInterface
  - expo-dev-launcher (0.10.6):
    - EXManifests
    - expo-dev-launcher/Main (= 0.10.6)
    - expo-dev-menu
    - expo-dev-menu-interface
    - EXUpdatesInterface
    - React-Core
  - expo-dev-launcher/Main (0.10.6):
    - EXManifests
    - expo-dev-launcher/Unsafe
    - expo-dev-menu
    - expo-dev-menu-interface
    - EXUpdatesInterface
    - React-Core
  - expo-dev-launcher/Unsafe (0.10.6):
    - EXManifests
    - expo-dev-menu
    - expo-dev-menu-interface
    - EXUpdatesInterface
    - React-Core
  - expo-dev-menu (0.9.4):
    - expo-dev-menu/Main (= 0.9.4)
  - expo-dev-menu-interface (0.5.3)
  - expo-dev-menu/GestureHandler (0.9.4)
  - expo-dev-menu/Main (0.9.4):
    - expo-dev-menu-interface
    - expo-dev-menu/Vendored
    - React-Core
  - expo-dev-menu/Reanimated (0.9.4):
    - DoubleConversion
    - FBLazyVector
    - FBReactNativeSpec
    - glog
    - RCT-Folly
    - RCTRequired
    - RCTTypeSafety
    - React-callinvoker
    - React-Core
    - React-Core/DevSupport
    - React-Core/RCTWebSocket
    - React-CoreModules
    - React-cxxreact
    - React-jsi
    - React-jsiexecutor
    - React-jsinspector
    - React-RCTActionSheet
    - React-RCTAnimation
    - React-RCTBlob
    - React-RCTImage
    - React-RCTLinking
    - React-RCTNetwork
    - React-RCTSettings
    - React-RCTText
    - React-RCTVibration
    - ReactCommon/turbomodule/core
    - Yoga
  - expo-dev-menu/SafeAreaView (0.9.4)
  - expo-dev-menu/Vendored (0.9.4):
    - expo-dev-menu/GestureHandler
    - expo-dev-menu/Reanimated
    - expo-dev-menu/SafeAreaView
  - ExpoLinearGradient (11.0.3):
    - ExpoModulesCore
  - ExpoModulesCore (0.6.5):
    - React-Core
    - ReactCommon/turbomodule/core
  - EXRandom (12.1.2):
    - React-Core
  - EXScreenOrientation (4.1.2):
    - ExpoModulesCore
    - React-Core
  - EXSplashScreen (0.14.2):
    - ExpoModulesCore
    - React-Core
  - EXStructuredHeaders (2.1.1)
  - EXTrackingTransparency (2.1.0):
    - ExpoModulesCore
  - EXUpdates (0.11.7):
    - EXManifests
    - ExpoModulesCore
    - EXStructuredHeaders
    - EXUpdatesInterface
    - React-Core
  - EXUpdatesInterface (0.5.2)
  - EXWebBrowser (10.1.1):
    - ExpoModulesCore
  - FacebookSDK/CoreKit (9.2.0):
    - FBSDKCoreKit (~> 9.2.0)
  - FacebookSDK/LoginKit (9.2.0):
    - FacebookSDK/CoreKit
  - FBLazyVector (0.64.0)
  - FBReactNativeSpec (0.64.0):
    - RCT-Folly (= 2020.01.13.00)
    - RCTRequired (= 0.64.0)
    - RCTTypeSafety (= 0.64.0)
    - React-Core (= 0.64.0)
    - React-jsi (= 0.64.0)
    - ReactCommon/turbomodule/core (= 0.64.0)
  - FBSDKCoreKit (9.2.0):
    - FBSDKCoreKit/Basics (= 9.2.0)
    - FBSDKCoreKit/Core (= 9.2.0)
  - FBSDKCoreKit/Basics (9.2.0)
  - FBSDKCoreKit/Core (9.2.0):
    - FBSDKCoreKit/Basics
  - Firebase/CoreOnly (8.15.0):
    - FirebaseCore (= 8.15.0)
  - Firebase/Messaging (8.15.0):
    - Firebase/CoreOnly
    - FirebaseMessaging (~> 8.15.0)
  - FirebaseCore (8.15.0):
    - FirebaseCoreDiagnostics (~> 8.0)
    - GoogleUtilities/Environment (~> 7.7)
    - GoogleUtilities/Logger (~> 7.7)
  - FirebaseCoreDiagnostics (8.15.0):
    - GoogleDataTransport (~> 9.1)
    - GoogleUtilities/Environment (~> 7.7)
    - GoogleUtilities/Logger (~> 7.7)
    - nanopb (~> 2.30908.0)
  - FirebaseInstallations (8.15.0):
    - FirebaseCore (~> 8.0)
    - GoogleUtilities/Environment (~> 7.7)
    - GoogleUtilities/UserDefaults (~> 7.7)
    - PromisesObjC (< 3.0, >= 1.2)
  - FirebaseMessaging (8.15.0):
    - FirebaseCore (~> 8.0)
    - FirebaseInstallations (~> 8.0)
    - GoogleDataTransport (~> 9.1)
    - GoogleUtilities/AppDelegateSwizzler (~> 7.7)
    - GoogleUtilities/Environment (~> 7.7)
    - GoogleUtilities/Reachability (~> 7.7)
    - GoogleUtilities/UserDefaults (~> 7.7)
    - nanopb (~> 2.30908.0)
  - glog (0.3.5)
  - GoogleDataTransport (9.2.5):
    - GoogleUtilities/Environment (~> 7.7)
    - nanopb (< 2.30910.0, >= 2.30908.0)
    - PromisesObjC (< 3.0, >= 1.2)
  - GoogleUtilities/AppDelegateSwizzler (7.12.0):
    - GoogleUtilities/Environment
    - GoogleUtilities/Logger
    - GoogleUtilities/Network
  - GoogleUtilities/Environment (7.12.0):
    - PromisesObjC (< 3.0, >= 1.2)
  - GoogleUtilities/Logger (7.12.0):
    - GoogleUtilities/Environment
  - GoogleUtilities/Network (7.12.0):
    - GoogleUtilities/Logger
    - "GoogleUtilities/NSData+zlib"
    - GoogleUtilities/Reachability
  - "GoogleUtilities/NSData+zlib (7.12.0)"
  - GoogleUtilities/Reachability (7.12.0):
    - GoogleUtilities/Logger
  - GoogleUtilities/UserDefaults (7.12.0):
    - GoogleUtilities/Logger
  - LineSDKSwift (5.8.2):
    - LineSDKSwift/Core (= 5.8.2)
  - LineSDKSwift/Core (5.8.2)
  - nanopb (2.30908.0):
    - nanopb/decode (= 2.30908.0)
    - nanopb/encode (= 2.30908.0)
  - nanopb/decode (2.30908.0)
  - nanopb/encode (2.30908.0)
  - PromisesObjC (2.3.1)
  - RCT-Folly (2020.01.13.00):
    - boost-for-react-native
    - DoubleConversion
    - glog
    - RCT-Folly/Default (= 2020.01.13.00)
  - RCT-Folly/Default (2020.01.13.00):
    - boost-for-react-native
    - DoubleConversion
    - glog
  - RCTRequired (0.64.0)
  - RCTTypeSafety (0.64.0):
    - FBLazyVector (= 0.64.0)
    - RCT-Folly (= 2020.01.13.00)
    - RCTRequired (= 0.64.0)
    - React-Core (= 0.64.0)
  - React (0.64.0):
    - React-Core (= 0.64.0)
    - React-Core/DevSupport (= 0.64.0)
    - React-Core/RCTWebSocket (= 0.64.0)
    - React-RCTActionSheet (= 0.64.0)
    - React-RCTAnimation (= 0.64.0)
    - React-RCTBlob (= 0.64.0)
    - React-RCTImage (= 0.64.0)
    - React-RCTLinking (= 0.64.0)
    - React-RCTNetwork (= 0.64.0)
    - React-RCTSettings (= 0.64.0)
    - React-RCTText (= 0.64.0)
    - React-RCTVibration (= 0.64.0)
  - React-callinvoker (0.64.0)
  - React-Core (0.64.0):
    - glog
    - RCT-Folly (= 2020.01.13.00)
    - React-Core/Default (= 0.64.0)
    - React-cxxreact (= 0.64.0)
    - React-jsi (= 0.64.0)
    - React-jsiexecutor (= 0.64.0)
    - React-perflogger (= 0.64.0)
    - Yoga
  - React-Core/CoreModulesHeaders (0.64.0):
    - glog
    - RCT-Folly (= 2020.01.13.00)
    - React-Core/Default
    - React-cxxreact (= 0.64.0)
    - React-jsi (= 0.64.0)
    - React-jsiexecutor (= 0.64.0)
    - React-perflogger (= 0.64.0)
    - Yoga
  - React-Core/Default (0.64.0):
    - glog
    - RCT-Folly (= 2020.01.13.00)
    - React-cxxreact (= 0.64.0)
    - React-jsi (= 0.64.0)
    - React-jsiexecutor (= 0.64.0)
    - React-perflogger (= 0.64.0)
    - Yoga
  - React-Core/DevSupport (0.64.0):
    - glog
    - RCT-Folly (= 2020.01.13.00)
    - React-Core/Default (= 0.64.0)
    - React-Core/RCTWebSocket (= 0.64.0)
    - React-cxxreact (= 0.64.0)
    - React-jsi (= 0.64.0)
    - React-jsiexecutor (= 0.64.0)
    - React-jsinspector (= 0.64.0)
    - React-perflogger (= 0.64.0)
    - Yoga
  - React-Core/RCTActionSheetHeaders (0.64.0):
    - glog
    - RCT-Folly (= 2020.01.13.00)
    - React-Core/Default
    - React-cxxreact (= 0.64.0)
    - React-jsi (= 0.64.0)
    - React-jsiexecutor (= 0.64.0)
    - React-perflogger (= 0.64.0)
    - Yoga
  - React-Core/RCTAnimationHeaders (0.64.0):
    - glog
    - RCT-Folly (= 2020.01.13.00)
    - React-Core/Default
    - React-cxxreact (= 0.64.0)
    - React-jsi (= 0.64.0)
    - React-jsiexecutor (= 0.64.0)
    - React-perflogger (= 0.64.0)
    - Yoga
  - React-Core/RCTBlobHeaders (0.64.0):
    - glog
    - RCT-Folly (= 2020.01.13.00)
    - React-Core/Default
    - React-cxxreact (= 0.64.0)
    - React-jsi (= 0.64.0)
    - React-jsiexecutor (= 0.64.0)
    - React-perflogger (= 0.64.0)
    - Yoga
  - React-Core/RCTImageHeaders (0.64.0):
    - glog
    - RCT-Folly (= 2020.01.13.00)
    - React-Core/Default
    - React-cxxreact (= 0.64.0)
    - React-jsi (= 0.64.0)
    - React-jsiexecutor (= 0.64.0)
    - React-perflogger (= 0.64.0)
    - Yoga
  - React-Core/RCTLinkingHeaders (0.64.0):
    - glog
    - RCT-Folly (= 2020.01.13.00)
    - React-Core/Default
    - React-cxxreact (= 0.64.0)
    - React-jsi (= 0.64.0)
    - React-jsiexecutor (= 0.64.0)
    - React-perflogger (= 0.64.0)
    - Yoga
  - React-Core/RCTNetworkHeaders (0.64.0):
    - glog
    - RCT-Folly (= 2020.01.13.00)
    - React-Core/Default
    - React-cxxreact (= 0.64.0)
    - React-jsi (= 0.64.0)
    - React-jsiexecutor (= 0.64.0)
    - React-perflogger (= 0.64.0)
    - Yoga
  - React-Core/RCTSettingsHeaders (0.64.0):
    - glog
    - RCT-Folly (= 2020.01.13.00)
    - React-Core/Default
    - React-cxxreact (= 0.64.0)
    - React-jsi (= 0.64.0)
    - React-jsiexecutor (= 0.64.0)
    - React-perflogger (= 0.64.0)
    - Yoga
  - React-Core/RCTTextHeaders (0.64.0):
    - glog
    - RCT-Folly (= 2020.01.13.00)
    - React-Core/Default
    - React-cxxreact (= 0.64.0)
    - React-jsi (= 0.64.0)
    - React-jsiexecutor (= 0.64.0)
    - React-perflogger (= 0.64.0)
    - Yoga
  - React-Core/RCTVibrationHeaders (0.64.0):
    - glog
    - RCT-Folly (= 2020.01.13.00)
    - React-Core/Default
    - React-cxxreact (= 0.64.0)
    - React-jsi (= 0.64.0)
    - React-jsiexecutor (= 0.64.0)
    - React-perflogger (= 0.64.0)
    - Yoga
  - React-Core/RCTWebSocket (0.64.0):
    - glog
    - RCT-Folly (= 2020.01.13.00)
    - React-Core/Default (= 0.64.0)
    - React-cxxreact (= 0.64.0)
    - React-jsi (= 0.64.0)
    - React-jsiexecutor (= 0.64.0)
    - React-perflogger (= 0.64.0)
    - Yoga
  - React-CoreModules (0.64.0):
    - FBReactNativeSpec (= 0.64.0)
    - RCT-Folly (= 2020.01.13.00)
    - RCTTypeSafety (= 0.64.0)
    - React-Core/CoreModulesHeaders (= 0.64.0)
    - React-jsi (= 0.64.0)
    - React-RCTImage (= 0.64.0)
    - ReactCommon/turbomodule/core (= 0.64.0)
  - React-cxxreact (0.64.0):
    - boost-for-react-native (= 1.63.0)
    - DoubleConversion
    - glog
    - RCT-Folly (= 2020.01.13.00)
    - React-callinvoker (= 0.64.0)
    - React-jsi (= 0.64.0)
    - React-jsinspector (= 0.64.0)
    - React-perflogger (= 0.64.0)
    - React-runtimeexecutor (= 0.64.0)
  - React-jsi (0.64.0):
    - boost-for-react-native (= 1.63.0)
    - DoubleConversion
    - glog
    - RCT-Folly (= 2020.01.13.00)
    - React-jsi/Default (= 0.64.0)
  - React-jsi/Default (0.64.0):
    - boost-for-react-native (= 1.63.0)
    - DoubleConversion
    - glog
    - RCT-Folly (= 2020.01.13.00)
  - React-jsiexecutor (0.64.0):
    - DoubleConversion
    - glog
    - RCT-Folly (= 2020.01.13.00)
    - React-cxxreact (= 0.64.0)
    - React-jsi (= 0.64.0)
    - React-perflogger (= 0.64.0)
  - React-jsinspector (0.64.0)
  - react-native-blur (4.3.2):
    - React-Core
  - react-native-pager-view (5.4.9):
    - React-Core
  - react-native-safe-area-context (3.3.2):
    - React-Core
  - React-perflogger (0.64.0)
  - React-RCTActionSheet (0.64.0):
    - React-Core/RCTActionSheetHeaders (= 0.64.0)
  - React-RCTAnimation (0.64.0):
    - FBReactNativeSpec (= 0.64.0)
    - RCT-Folly (= 2020.01.13.00)
    - RCTTypeSafety (= 0.64.0)
    - React-Core/RCTAnimationHeaders (= 0.64.0)
    - React-jsi (= 0.64.0)
    - ReactCommon/turbomodule/core (= 0.64.0)
  - React-RCTBlob (0.64.0):
    - FBReactNativeSpec (= 0.64.0)
    - RCT-Folly (= 2020.01.13.00)
    - React-Core/RCTBlobHeaders (= 0.64.0)
    - React-Core/RCTWebSocket (= 0.64.0)
    - React-jsi (= 0.64.0)
    - React-RCTNetwork (= 0.64.0)
    - ReactCommon/turbomodule/core (= 0.64.0)
  - React-RCTImage (0.64.0):
    - FBReactNativeSpec (= 0.64.0)
    - RCT-Folly (= 2020.01.13.00)
    - RCTTypeSafety (= 0.64.0)
    - React-Core/RCTImageHeaders (= 0.64.0)
    - React-jsi (= 0.64.0)
    - React-RCTNetwork (= 0.64.0)
    - ReactCommon/turbomodule/core (= 0.64.0)
  - React-RCTLinking (0.64.0):
    - FBReactNativeSpec (= 0.64.0)
    - React-Core/RCTLinkingHeaders (= 0.64.0)
    - React-jsi (= 0.64.0)
    - ReactCommon/turbomodule/core (= 0.64.0)
  - React-RCTNetwork (0.64.0):
    - FBReactNativeSpec (= 0.64.0)
    - RCT-Folly (= 2020.01.13.00)
    - RCTTypeSafety (= 0.64.0)
    - React-Core/RCTNetworkHeaders (= 0.64.0)
    - React-jsi (= 0.64.0)
    - ReactCommon/turbomodule/core (= 0.64.0)
  - React-RCTSettings (0.64.0):
    - FBReactNativeSpec (= 0.64.0)
    - RCT-Folly (= 2020.01.13.00)
    - RCTTypeSafety (= 0.64.0)
    - React-Core/RCTSettingsHeaders (= 0.64.0)
    - React-jsi (= 0.64.0)
    - ReactCommon/turbomodule/core (= 0.64.0)
  - React-RCTText (0.64.0):
    - React-Core/RCTTextHeaders (= 0.64.0)
  - React-RCTVibration (0.64.0):
    - FBReactNativeSpec (= 0.64.0)
    - RCT-Folly (= 2020.01.13.00)
    - React-Core/RCTVibrationHeaders (= 0.64.0)
    - React-jsi (= 0.64.0)
    - ReactCommon/turbomodule/core (= 0.64.0)
  - React-runtimeexecutor (0.64.0):
    - React-jsi (= 0.64.0)
  - ReactCommon/turbomodule/core (0.64.0):
    - DoubleConversion
    - glog
    - RCT-Folly (= 2020.01.13.00)
    - React-callinvoker (= 0.64.0)
    - React-Core (= 0.64.0)
    - React-cxxreact (= 0.64.0)
    - React-jsi (= 0.64.0)
    - React-perflogger (= 0.64.0)
  - RNCAsyncStorage (1.15.17):
    - React-Core
  - RNCPicker (2.2.1):
    - React-Core
  - RNDateTimePicker (4.0.0):
    - React-Core
  - RNFBApp (14.12.0):
    - Firebase/CoreOnly (= 8.15.0)
    - React-Core
  - RNFBMessaging (14.12.0):
    - Firebase/Messaging (= 8.15.0)
    - React-Core
    - RNFBApp
  - RNGestureHandler (2.1.3):
    - React-Core
  - RNIap (7.5.6):
    - React-Core
  - RNLine (2.1.0):
    - LineSDKSwift (~> 5.8.1)
    - React-Core
  - RNScreens (3.10.2):
    - React-Core
    - React-RCTImage
  - RNSVG (12.5.1):
    - React-Core
  - UMTaskManagerInterface (7.1.1):
    - ExpoModulesCore
  - Yoga (1.14.0)

DEPENDENCIES:
  - DoubleConversion (from `../node_modules/react-native/third-party-podspecs/DoubleConversion.podspec`)
  - EXAppleAuthentication (from `../node_modules/expo-apple-authentication/ios`)
  - EXApplication (from `../node_modules/expo-application/ios`)
  - EXBlur (from `../node_modules/expo-blur/ios`)
  - EXClipboard (from `../node_modules/expo-clipboard/ios`)
  - EXConstants (from `../node_modules/expo-constants/ios`)
  - EXCrypto (from `../node_modules/expo-crypto/ios`)
  - EXDevice (from `../node_modules/expo-device/ios`)
  - EXErrorRecovery (from `../node_modules/expo-error-recovery/ios`)
  - EXFacebook (from `../node_modules/expo-facebook/ios`)
  - EXFileSystem (from `../node_modules/expo-file-system/ios`)
  - EXFont (from `../node_modules/expo-font/ios`)
  - EXImageLoader (from `../node_modules/expo-image-loader/ios`)
  - EXImageManipulator (from `../node_modules/expo-image-manipulator/ios`)
  - EXImagePicker (from `../node_modules/expo-image-picker/ios`)
  - EXJSONUtils (from `../node_modules/expo-json-utils/ios`)
  - EXKeepAwake (from `../node_modules/expo-keep-awake/ios`)
  - EXLocation (from `../node_modules/expo-location/ios`)
  - EXManifests (from `../node_modules/expo-manifests/ios`)
  - EXMediaLibrary (from `../node_modules/expo-media-library/ios`)
  - EXNotifications (from `../node_modules/expo-notifications/ios`)
  - Expo (from `../node_modules/expo/ios`)
  - expo-dev-client (from `../node_modules/expo-dev-client/ios`)
  - expo-dev-launcher (from `../node_modules/expo-dev-launcher`)
  - expo-dev-menu (from `../node_modules/expo-dev-menu`)
  - expo-dev-menu-interface (from `../node_modules/expo-dev-menu-interface/ios`)
  - ExpoLinearGradient (from `../node_modules/expo-linear-gradient/ios`)
  - ExpoModulesCore (from `../node_modules/expo-modules-core/ios`)
  - EXRandom (from `../node_modules/expo-random/ios`)
  - EXScreenOrientation (from `../node_modules/expo-screen-orientation/ios`)
  - EXSplashScreen (from `../node_modules/expo-splash-screen/ios`)
  - EXStructuredHeaders (from `../node_modules/expo-structured-headers/ios`)
  - EXTrackingTransparency (from `../node_modules/expo-tracking-transparency/ios`)
  - EXUpdates (from `../node_modules/expo-updates/ios`)
  - EXUpdatesInterface (from `../node_modules/expo-updates-interface/ios`)
  - EXWebBrowser (from `../node_modules/expo-web-browser/ios`)
  - FBLazyVector (from `../node_modules/react-native/Libraries/FBLazyVector`)
  - FBReactNativeSpec (from `../node_modules/react-native/React/FBReactNativeSpec`)
  - glog (from `../node_modules/react-native/third-party-podspecs/glog.podspec`)
  - RCT-Folly (from `../node_modules/react-native/third-party-podspecs/RCT-Folly.podspec`)
  - RCTRequired (from `../node_modules/react-native/Libraries/RCTRequired`)
  - RCTTypeSafety (from `../node_modules/react-native/Libraries/TypeSafety`)
  - React (from `../node_modules/react-native/`)
  - React-callinvoker (from `../node_modules/react-native/ReactCommon/callinvoker`)
  - React-Core (from `../node_modules/react-native/`)
  - React-Core/DevSupport (from `../node_modules/react-native/`)
  - React-Core/RCTWebSocket (from `../node_modules/react-native/`)
  - React-CoreModules (from `../node_modules/react-native/React/CoreModules`)
  - React-cxxreact (from `../node_modules/react-native/ReactCommon/cxxreact`)
  - React-jsi (from `../node_modules/react-native/ReactCommon/jsi`)
  - React-jsiexecutor (from `../node_modules/react-native/ReactCommon/jsiexecutor`)
  - React-jsinspector (from `../node_modules/react-native/ReactCommon/jsinspector`)
  - "react-native-blur (from `../node_modules/@react-native-community/blur`)"
  - react-native-pager-view (from `../node_modules/react-native-pager-view`)
  - react-native-safe-area-context (from `../node_modules/react-native-safe-area-context`)
  - React-perflogger (from `../node_modules/react-native/ReactCommon/reactperflogger`)
  - React-RCTActionSheet (from `../node_modules/react-native/Libraries/ActionSheetIOS`)
  - React-RCTAnimation (from `../node_modules/react-native/Libraries/NativeAnimation`)
  - React-RCTBlob (from `../node_modules/react-native/Libraries/Blob`)
  - React-RCTImage (from `../node_modules/react-native/Libraries/Image`)
  - React-RCTLinking (from `../node_modules/react-native/Libraries/LinkingIOS`)
  - React-RCTNetwork (from `../node_modules/react-native/Libraries/Network`)
  - React-RCTSettings (from `../node_modules/react-native/Libraries/Settings`)
  - React-RCTText (from `../node_modules/react-native/Libraries/Text`)
  - React-RCTVibration (from `../node_modules/react-native/Libraries/Vibration`)
  - React-runtimeexecutor (from `../node_modules/react-native/ReactCommon/runtimeexecutor`)
  - ReactCommon/turbomodule/core (from `../node_modules/react-native/ReactCommon`)
  - "RNCAsyncStorage (from `../node_modules/@react-native-async-storage/async-storage`)"
  - "RNCPicker (from `../node_modules/@react-native-picker/picker`)"
  - "RNDateTimePicker (from `../node_modules/@react-native-community/datetimepicker`)"
  - "RNFBApp (from `../node_modules/@react-native-firebase/app`)"
  - "RNFBMessaging (from `../node_modules/@react-native-firebase/messaging`)"
  - RNGestureHandler (from `../node_modules/react-native-gesture-handler`)
  - RNIap (from `../node_modules/react-native-iap`)
  - "RNLine (from `../node_modules/@xmartlabs/react-native-line`)"
  - RNScreens (from `../node_modules/react-native-screens`)
  - RNSVG (from `../node_modules/react-native-svg`)
  - UMTaskManagerInterface (from `../node_modules/unimodules-task-manager-interface/ios`)
  - Yoga (from `../node_modules/react-native/ReactCommon/yoga`)

SPEC REPOS:
  trunk:
    - boost-for-react-native
    - FacebookSDK
    - FBSDKCoreKit
    - Firebase
    - FirebaseCore
    - FirebaseCoreDiagnostics
    - FirebaseInstallations
    - FirebaseMessaging
    - GoogleDataTransport
    - GoogleUtilities
    - LineSDKSwift
    - nanopb
    - PromisesObjC

EXTERNAL SOURCES:
  DoubleConversion:
    :podspec: "../node_modules/react-native/third-party-podspecs/DoubleConversion.podspec"
  EXAppleAuthentication:
    :path: "../node_modules/expo-apple-authentication/ios"
  EXApplication:
    :path: "../node_modules/expo-application/ios"
  EXBlur:
    :path: "../node_modules/expo-blur/ios"
  EXClipboard:
    :path: "../node_modules/expo-clipboard/ios"
  EXConstants:
    :path: "../node_modules/expo-constants/ios"
  EXCrypto:
    :path: "../node_modules/expo-crypto/ios"
  EXDevice:
    :path: "../node_modules/expo-device/ios"
  EXErrorRecovery:
    :path: "../node_modules/expo-error-recovery/ios"
  EXFacebook:
    :path: "../node_modules/expo-facebook/ios"
  EXFileSystem:
    :path: "../node_modules/expo-file-system/ios"
  EXFont:
    :path: "../node_modules/expo-font/ios"
  EXImageLoader:
    :path: "../node_modules/expo-image-loader/ios"
  EXImageManipulator:
    :path: "../node_modules/expo-image-manipulator/ios"
  EXImagePicker:
    :path: "../node_modules/expo-image-picker/ios"
  EXJSONUtils:
    :path: "../node_modules/expo-json-utils/ios"
  EXKeepAwake:
    :path: "../node_modules/expo-keep-awake/ios"
  EXLocation:
    :path: "../node_modules/expo-location/ios"
  EXManifests:
    :path: "../node_modules/expo-manifests/ios"
  EXMediaLibrary:
    :path: "../node_modules/expo-media-library/ios"
  EXNotifications:
    :path: "../node_modules/expo-notifications/ios"
  Expo:
    :path: "../node_modules/expo/ios"
  expo-dev-client:
    :path: "../node_modules/expo-dev-client/ios"
  expo-dev-launcher:
    :path: "../node_modules/expo-dev-launcher"
  expo-dev-menu:
    :path: "../node_modules/expo-dev-menu"
  expo-dev-menu-interface:
    :path: "../node_modules/expo-dev-menu-interface/ios"
  ExpoLinearGradient:
    :path: "../node_modules/expo-linear-gradient/ios"
  ExpoModulesCore:
    :path: "../node_modules/expo-modules-core/ios"
  EXRandom:
    :path: "../node_modules/expo-random/ios"
  EXScreenOrientation:
    :path: "../node_modules/expo-screen-orientation/ios"
  EXSplashScreen:
    :path: "../node_modules/expo-splash-screen/ios"
  EXStructuredHeaders:
    :path: "../node_modules/expo-structured-headers/ios"
  EXTrackingTransparency:
    :path: "../node_modules/expo-tracking-transparency/ios"
  EXUpdates:
    :path: "../node_modules/expo-updates/ios"
  EXUpdatesInterface:
    :path: "../node_modules/expo-updates-interface/ios"
  EXWebBrowser:
    :path: "../node_modules/expo-web-browser/ios"
  FBLazyVector:
    :path: "../node_modules/react-native/Libraries/FBLazyVector"
  FBReactNativeSpec:
    :path: "../node_modules/react-native/React/FBReactNativeSpec"
  glog:
    :podspec: "../node_modules/react-native/third-party-podspecs/glog.podspec"
  RCT-Folly:
    :podspec: "../node_modules/react-native/third-party-podspecs/RCT-Folly.podspec"
  RCTRequired:
    :path: "../node_modules/react-native/Libraries/RCTRequired"
  RCTTypeSafety:
    :path: "../node_modules/react-native/Libraries/TypeSafety"
  React:
    :path: "../node_modules/react-native/"
  React-callinvoker:
    :path: "../node_modules/react-native/ReactCommon/callinvoker"
  React-Core:
    :path: "../node_modules/react-native/"
  React-CoreModules:
    :path: "../node_modules/react-native/React/CoreModules"
  React-cxxreact:
    :path: "../node_modules/react-native/ReactCommon/cxxreact"
  React-jsi:
    :path: "../node_modules/react-native/ReactCommon/jsi"
  React-jsiexecutor:
    :path: "../node_modules/react-native/ReactCommon/jsiexecutor"
  React-jsinspector:
    :path: "../node_modules/react-native/ReactCommon/jsinspector"
  react-native-blur:
    :path: "../node_modules/@react-native-community/blur"
  react-native-pager-view:
    :path: "../node_modules/react-native-pager-view"
  react-native-safe-area-context:
    :path: "../node_modules/react-native-safe-area-context"
  React-perflogger:
    :path: "../node_modules/react-native/ReactCommon/reactperflogger"
  React-RCTActionSheet:
    :path: "../node_modules/react-native/Libraries/ActionSheetIOS"
  React-RCTAnimation:
    :path: "../node_modules/react-native/Libraries/NativeAnimation"
  React-RCTBlob:
    :path: "../node_modules/react-native/Libraries/Blob"
  React-RCTImage:
    :path: "../node_modules/react-native/Libraries/Image"
  React-RCTLinking:
    :path: "../node_modules/react-native/Libraries/LinkingIOS"
  React-RCTNetwork:
    :path: "../node_modules/react-native/Libraries/Network"
  React-RCTSettings:
    :path: "../node_modules/react-native/Libraries/Settings"
  React-RCTText:
    :path: "../node_modules/react-native/Libraries/Text"
  React-RCTVibration:
    :path: "../node_modules/react-native/Libraries/Vibration"
  React-runtimeexecutor:
    :path: "../node_modules/react-native/ReactCommon/runtimeexecutor"
  ReactCommon:
    :path: "../node_modules/react-native/ReactCommon"
  RNCAsyncStorage:
    :path: "../node_modules/@react-native-async-storage/async-storage"
  RNCPicker:
    :path: "../node_modules/@react-native-picker/picker"
  RNDateTimePicker:
    :path: "../node_modules/@react-native-community/datetimepicker"
  RNFBApp:
    :path: "../node_modules/@react-native-firebase/app"
  RNFBMessaging:
    :path: "../node_modules/@react-native-firebase/messaging"
  RNGestureHandler:
    :path: "../node_modules/react-native-gesture-handler"
  RNIap:
    :path: "../node_modules/react-native-iap"
  RNLine:
    :path: "../node_modules/@xmartlabs/react-native-line"
  RNScreens:
    :path: "../node_modules/react-native-screens"
  RNSVG:
    :path: "../node_modules/react-native-svg"
  UMTaskManagerInterface:
    :path: "../node_modules/unimodules-task-manager-interface/ios"
  Yoga:
    :path: "../node_modules/react-native/ReactCommon/yoga"

SPEC CHECKSUMS:
  boost-for-react-native: 39c7adb57c4e60d6c5479dd8623128eb5b3f0f2c
  DoubleConversion: cf9b38bf0b2d048436d9a82ad2abe1404f11e7de
  EXAppleAuthentication: 27a4f7dc44a1b510f5af945b58643165ee486d89
  EXApplication: 54fe5bd6268d697771645e8f1aef8b806a65247a
  EXBlur: 82055865de17cf2cf797ff064c50fb59fcbe703f
  EXClipboard: 8123fcda680538bb0e1f4e6511106553e52d3760
  EXConstants: 88bf79622fbd9b476c96d8ec57fe97ca44fe8e3c
  EXCrypto: ab2ba0df3136a5f2407b8c7e70eb498ac20d704f
  EXDevice: aa5e1edbf350481a948c3258b750dd11e6e4579e
  EXErrorRecovery: b0d7582714a2cc896e94a2308a356f94dbf14ef7
  EXFacebook: f145a9d0a61d9f0ba88e221e2f69cf06f39a2265
  EXFileSystem: 08a3033ac372b6346becf07839e1ccef26fb1058
  EXFont: 2597c10ac85a69d348d44d7873eccf5a7576ef5e
  EXImageLoader: 347b72c2ec2df65120ccec40ea65a4c4f24317ff
  EXImageManipulator: 60d1bf3f1d7709453b1feb38adf8594b7f58710f
  EXImagePicker: bf4d62532cc2bf217edbe4abbb0014e73e079eac
  EXJSONUtils: 5ee0d5cf76da70ad86f0be1a41cc70f47d69e06f
  EXKeepAwake: bf48d7f740a5cd2befed6cf9a49911d385c6c47d
  EXLocation: 013b5d07cca26c2d15d998766322e70b7a228b57
  EXManifests: d3464cd2278f4a19cd80c1aa673231570b534c11
  EXMediaLibrary: 843669e1d9d38965057830138609ee99ef260cf1
  EXNotifications: a7d582fa800d77f4a75bd22d52e84e2fbcee26df
  Expo: 534e51e607aba8229293297da5585f4b26f50fa1
  expo-dev-client: 0e8644a2769d75a75fba239aa854a15367849978
  expo-dev-launcher: 1e6eecef4abb3b1274f0e1ab1b576c67d17ddbfa
  expo-dev-menu: 444277c5bd4553abbf8b1095b93ecb88af4c6479
  expo-dev-menu-interface: 395d046704878e5de471a89102ddf361cbb7e52f
  ExpoLinearGradient: fd591c223c81f6779036ed4cef4deb20ecb87c50
  ExpoModulesCore: 32c0ccb47f477d330ee93db72505380adf0de09a
  EXRandom: 1d00fd04d7d874c0c9d1ff87cee59ffe0b638a3d
  EXScreenOrientation: ca9375ec57e5706128062867516da0b03a97ef64
  EXSplashScreen: 21669e598804ee810547dbb6692c8deb5dd8dbf3
  EXStructuredHeaders: 4993087b2010dbcc510f5d92555b36f523425e8d
  EXTrackingTransparency: 0622e1c7e10f5cae378f6d77dc6fdf433c9a7d81
  EXUpdates: a83e036243b0f6ece53a8c1cb883b6751c88a5f8
  EXUpdatesInterface: 13270752afb8c61f83a09117e6b04a682b2db9eb
  EXWebBrowser: f1573262c5de753987ed526c630076eda130804d
  FacebookSDK: 4b9bb8e2824898b47f18c666dc145c09b40609e6
  FBLazyVector: 49cbe4b43e445b06bf29199b6ad2057649e4c8f5
  FBReactNativeSpec: 8421c603f72e9378b6a7d490e5cfc5083d64c1bc
  FBSDKCoreKit: dace5abafc2fd9272733e6d027bcf18102712117
  Firebase: 5f8193dff4b5b7c5d5ef72ae54bb76c08e2b841d
  FirebaseCore: 5743c5785c074a794d35f2fff7ecc254a91e08b1
  FirebaseCoreDiagnostics: 92e07a649aeb66352b319d43bdd2ee3942af84cb
  FirebaseInstallations: 40bd9054049b2eae9a2c38ef1c3dd213df3605cd
  FirebaseMessaging: 5e5118a2383b3531e730d974680954c679ca0a13
  glog: 73c2498ac6884b13ede40eda8228cb1eee9d9d62
  GoogleDataTransport: 54dee9d48d14580407f8f5fbf2f496e92437a2f2
  GoogleUtilities: 0759d1a57ebb953965c2dfe0ba4c82e95ccc2e34
  LineSDKSwift: 52bce568988f61f4a529b0ee629525a0cb85b9fe
  nanopb: a0ba3315591a9ae0a16a309ee504766e90db0c96
  PromisesObjC: c50d2056b5253dadbd6c2bea79b0674bd5a52fa4
  RCT-Folly: ec7a233ccc97cc556cf7237f0db1ff65b986f27c
  RCTRequired: 2f8cb5b7533219bf4218a045f92768129cf7050a
  RCTTypeSafety: 512728b73549e72ad7330b92f3d42936f2a4de5b
  React: 98eac01574128a790f0bbbafe2d1a8607291ac24
  React-callinvoker: def3f7fae16192df68d9b69fd4bbb59092ee36bc
  React-Core: 70a52aa5dbe9b83befae82038451a7df9fd54c5a
  React-CoreModules: 052edef46117862e2570eb3a0f06d81c61d2c4b8
  React-cxxreact: c1dc71b30653cfb4770efdafcbdc0ad6d388baab
  React-jsi: 74341196d9547cbcbcfa4b3bbbf03af56431d5a1
  React-jsiexecutor: 06a9c77b56902ae7ffcdd7a4905f664adc5d237b
  React-jsinspector: 0ae35a37b20d5e031eb020a69cc5afdbd6406301
  react-native-blur: cfdad7b3c01d725ab62a8a729f42ea463998afa2
  react-native-pager-view: 3ee7d4c7697fb3ef788346e834a60cca97ed8540
  react-native-safe-area-context: 584dc04881deb49474363f3be89e4ca0e854c057
  React-perflogger: 9c547d8f06b9bf00cb447f2b75e8d7f19b7e02af
  React-RCTActionSheet: 3080b6e12e0e1a5b313c8c0050699b5c794a1b11
  React-RCTAnimation: 3f96f21a497ae7dabf4d2f150ee43f906aaf516f
  React-RCTBlob: 283b8e5025e7f954176bc48164f846909002f3ed
  React-RCTImage: 5088a484faac78f2d877e1b79125d3bb1ea94a16
  React-RCTLinking: 5e8fbb3e9a8bc2e4e3eb15b1eb8bda5fcac27b8c
  React-RCTNetwork: 38ec277217b1e841d5e6a1fa78da65b9212ccb28
  React-RCTSettings: 242d6e692108c3de4f3bb74b7586a8799e9ab070
  React-RCTText: 8746736ac8eb5a4a74719aa695b7a236a93a83d2
  React-RCTVibration: 0fd6b21751a33cb72fce1a4a33ab9678416d307a
  React-runtimeexecutor: cad74a1eaa53ee6e7a3620231939d8fe2c6afcf0
  ReactCommon: cfe2b7fd20e0dbd2d1185cd7d8f99633fbc5ff05
  RNCAsyncStorage: 6bd5a7ba3dde1c3facba418aa273f449bdc5437a
  RNCPicker: cb57c823d5ce8d2d0b5dfb45ad97b737260dc59e
  RNDateTimePicker: 2224ee77a86b7123377597a015502435e2e49957
  RNFBApp: e4439717c23252458da2b41b81b4b475c86f90c4
  RNFBMessaging: 40dac204b4197a2661dec5be964780c6ec39bf65
  RNGestureHandler: e1099204721a17a89c81fcd1cc2e92143dc040fb
  RNIap: d248609d1b8937e63bd904e865c318e9b1457eff
  RNLine: 5930829f738e026b92dbef6f755bafbae6f3583c
  RNScreens: d6da2b9e29cf523832c2542f47bf1287318b1868
  RNSVG: d7d7bc8229af3842c9cfc3a723c815a52cdd1105
  UMTaskManagerInterface: 3184c93ecc290bd422c6e344badc89b601e9c29b
  Yoga: 8c8436d4171c87504c648ae23b1d81242bdf3bbf

PODFILE CHECKSUM: d2d63dd1c78e61d98e30ae4bfe5e96a7efe93629

COCOAPODS: 1.14.2
